// !$*UTF8*$!
{
	archiveVersion = 1;
	classes = {
	};
	objectVersion = 56;
	objects = {

/* Begin PBXBuildFile section */
		33EAE50A5B43C4D1F1297B17 /* Pods_Collection.framework in Frameworks */ = {isa = PBXBuildFile; fileRef = ABC0C892763B9F6AFA4163E0 /* Pods_Collection.framework */; };
		3CEE437CFD7C2D7A614BD649 /* Pods_Collection_CollectionUITests.framework in Frameworks */ = {isa = PBXBuildFile; fileRef = F3A7DB2A26F6717CC98F6086 /* Pods_Collection_CollectionUITests.framework */; };
		DE140233152529066C463D41 /* Pods_CollectionTests.framework in Frameworks */ = {isa = PBXBuildFile; fileRef = E0C1A0B9B367B42BEE994EE3 /* Pods_CollectionTests.framework */; };
		E357B5ED2A2F447C0063F892 /* AppDelegate.swift in Sources */ = {isa = PBXBuildFile; fileRef = E357B5EC2A2F447C0063F892 /* AppDelegate.swift */; };
		E357B5EF2A2F447C0063F892 /* SceneDelegate.swift in Sources */ = {isa = PBXBuildFile; fileRef = E357B5EE2A2F447C0063F892 /* SceneDelegate.swift */; };
		E357B5F62A2F447D0063F892 /* Assets.xcassets in Resources */ = {isa = PBXBuildFile; fileRef = E357B5F52A2F447D0063F892 /* Assets.xcassets */; };
		E357B6042A2F447E0063F892 /* CollectionTests.swift in Sources */ = {isa = PBXBuildFile; fileRef = E357B6032A2F447E0063F892 /* CollectionTests.swift */; };
		E357B60E2A2F447E0063F892 /* CollectionUITests.swift in Sources */ = {isa = PBXBuildFile; fileRef = E357B60D2A2F447E0063F892 /* CollectionUITests.swift */; };
		E357B6102A2F447E0063F892 /* CollectionUITestsLaunchTests.swift in Sources */ = {isa = PBXBuildFile; fileRef = E357B60F2A2F447E0063F892 /* CollectionUITestsLaunchTests.swift */; };
		E357B61D2A2F48A90063F892 /* FeedViewController.swift in Sources */ = {isa = PBXBuildFile; fileRef = E357B61C2A2F48A90063F892 /* FeedViewController.swift */; };
		E357B61F2A2F48C40063F892 /* ProfileViewController.swift in Sources */ = {isa = PBXBuildFile; fileRef = E357B61E2A2F48C40063F892 /* ProfileViewController.swift */; };
		E357E8D72A387CA0000305CD /* ImageCollectionViewCell.swift in Sources */ = {isa = PBXBuildFile; fileRef = E357E8D62A387CA0000305CD /* ImageCollectionViewCell.swift */; };
/* End PBXBuildFile section */

/* Begin PBXContainerItemProxy section */
		E357B6002A2F447E0063F892 /* PBXContainerItemProxy */ = {
			isa = PBXContainerItemProxy;
			containerPortal = E357B5E12A2F447C0063F892 /* Project object */;
			proxyType = 1;
			remoteGlobalIDString = E357B5E82A2F447C0063F892;
			remoteInfo = Collection;
		};
		E357B60A2A2F447E0063F892 /* PBXContainerItemProxy */ = {
			isa = PBXContainerItemProxy;
			containerPortal = E357B5E12A2F447C0063F892 /* Project object */;
			proxyType = 1;
			remoteGlobalIDString = E357B5E82A2F447C0063F892;
			remoteInfo = Collection;
		};
/* End PBXContainerItemProxy section */

/* Begin PBXFileReference section */
		3AC3C233A6FEF74795F4687E /* Pods-Collection.release.xcconfig */ = {isa = PBXFileReference; includeInIndex = 1; lastKnownFileType = text.xcconfig; name = "Pods-Collection.release.xcconfig"; path = "Target Support Files/Pods-Collection/Pods-Collection.release.xcconfig"; sourceTree = "<group>"; };
		5D117E80544B40D0D55EDC77 /* Pods-CollectionTests.release.xcconfig */ = {isa = PBXFileReference; includeInIndex = 1; lastKnownFileType = text.xcconfig; name = "Pods-CollectionTests.release.xcconfig"; path = "Target Support Files/Pods-CollectionTests/Pods-CollectionTests.release.xcconfig"; sourceTree = "<group>"; };
		7FC798F5DFAE39BB7FDF01F0 /* Pods-Collection-CollectionUITests.release.xcconfig */ = {isa = PBXFileReference; includeInIndex = 1; lastKnownFileType = text.xcconfig; name = "Pods-Collection-CollectionUITests.release.xcconfig"; path = "Target Support Files/Pods-Collection-CollectionUITests/Pods-Collection-CollectionUITests.release.xcconfig"; sourceTree = "<group>"; };
		89358F50A5E53B72DEDC2F5B /* Pods-Collection.debug.xcconfig */ = {isa = PBXFileReference; includeInIndex = 1; lastKnownFileType = text.xcconfig; name = "Pods-Collection.debug.xcconfig"; path = "Target Support Files/Pods-Collection/Pods-Collection.debug.xcconfig"; sourceTree = "<group>"; };
		93513CD213952765A8168572 /* Pods-CollectionTests.debug.xcconfig */ = {isa = PBXFileReference; includeInIndex = 1; lastKnownFileType = text.xcconfig; name = "Pods-CollectionTests.debug.xcconfig"; path = "Target Support Files/Pods-CollectionTests/Pods-CollectionTests.debug.xcconfig"; sourceTree = "<group>"; };
		ABC0C892763B9F6AFA4163E0 /* Pods_Collection.framework */ = {isa = PBXFileReference; explicitFileType = wrapper.framework; includeInIndex = 0; path = Pods_Collection.framework; sourceTree = BUILT_PRODUCTS_DIR; };
		E0C1A0B9B367B42BEE994EE3 /* Pods_CollectionTests.framework */ = {isa = PBXFileReference; explicitFileType = wrapper.framework; includeInIndex = 0; path = Pods_CollectionTests.framework; sourceTree = BUILT_PRODUCTS_DIR; };
		E1467BA50CF761037D53185B /* Pods-Collection-CollectionUITests.debug.xcconfig */ = {isa = PBXFileReference; includeInIndex = 1; lastKnownFileType = text.xcconfig; name = "Pods-Collection-CollectionUITests.debug.xcconfig"; path = "Target Support Files/Pods-Collection-CollectionUITests/Pods-Collection-CollectionUITests.debug.xcconfig"; sourceTree = "<group>"; };
		E357B5E92A2F447C0063F892 /* Collection.app */ = {isa = PBXFileReference; explicitFileType = wrapper.application; includeInIndex = 0; path = Collection.app; sourceTree = BUILT_PRODUCTS_DIR; };
		E357B5EC2A2F447C0063F892 /* AppDelegate.swift */ = {isa = PBXFileReference; lastKnownFileType = sourcecode.swift; path = AppDelegate.swift; sourceTree = "<group>"; };
		E357B5EE2A2F447C0063F892 /* SceneDelegate.swift */ = {isa = PBXFileReference; lastKnownFileType = sourcecode.swift; path = SceneDelegate.swift; sourceTree = "<group>"; };
		E357B5F52A2F447D0063F892 /* Assets.xcassets */ = {isa = PBXFileReference; lastKnownFileType = folder.assetcatalog; path = Assets.xcassets; sourceTree = "<group>"; };
		E357B5FA2A2F447D0063F892 /* Info.plist */ = {isa = PBXFileReference; lastKnownFileType = text.plist.xml; path = Info.plist; sourceTree = "<group>"; };
		E357B5FF2A2F447E0063F892 /* CollectionTests.xctest */ = {isa = PBXFileReference; explicitFileType = wrapper.cfbundle; includeInIndex = 0; path = CollectionTests.xctest; sourceTree = BUILT_PRODUCTS_DIR; };
		E357B6032A2F447E0063F892 /* CollectionTests.swift */ = {isa = PBXFileReference; lastKnownFileType = sourcecode.swift; path = CollectionTests.swift; sourceTree = "<group>"; };
		E357B6092A2F447E0063F892 /* CollectionUITests.xctest */ = {isa = PBXFileReference; explicitFileType = wrapper.cfbundle; includeInIndex = 0; path = CollectionUITests.xctest; sourceTree = BUILT_PRODUCTS_DIR; };
		E357B60D2A2F447E0063F892 /* CollectionUITests.swift */ = {isa = PBXFileReference; lastKnownFileType = sourcecode.swift; path = CollectionUITests.swift; sourceTree = "<group>"; };
		E357B60F2A2F447E0063F892 /* CollectionUITestsLaunchTests.swift */ = {isa = PBXFileReference; lastKnownFileType = sourcecode.swift; path = CollectionUITestsLaunchTests.swift; sourceTree = "<group>"; };
		E357B61C2A2F48A90063F892 /* FeedViewController.swift */ = {isa = PBXFileReference; lastKnownFileType = sourcecode.swift; path = FeedViewController.swift; sourceTree = "<group>"; };
		E357B61E2A2F48C40063F892 /* ProfileViewController.swift */ = {isa = PBXFileReference; lastKnownFileType = sourcecode.swift; path = ProfileViewController.swift; sourceTree = "<group>"; };
		E357E8D62A387CA0000305CD /* ImageCollectionViewCell.swift */ = {isa = PBXFileReference; lastKnownFileType = sourcecode.swift; path = ImageCollectionViewCell.swift; sourceTree = "<group>"; };
		F3A7DB2A26F6717CC98F6086 /* Pods_Collection_CollectionUITests.framework */ = {isa = PBXFileReference; explicitFileType = wrapper.framework; includeInIndex = 0; path = Pods_Collection_CollectionUITests.framework; sourceTree = BUILT_PRODUCTS_DIR; };
/* End PBXFileReference section */

/* Begin PBXFrameworksBuildPhase section */
		E357B5E62A2F447C0063F892 /* Frameworks */ = {
			isa = PBXFrameworksBuildPhase;
			buildActionMask = 2147483647;
			files = (
				33EAE50A5B43C4D1F1297B17 /* Pods_Collection.framework in Frameworks */,
			);
			runOnlyForDeploymentPostprocessing = 0;
		};
		E357B5FC2A2F447E0063F892 /* Frameworks */ = {
			isa = PBXFrameworksBuildPhase;
			buildActionMask = 2147483647;
			files = (
				DE140233152529066C463D41 /* Pods_CollectionTests.framework in Frameworks */,
			);
			runOnlyForDeploymentPostprocessing = 0;
		};
		E357B6062A2F447E0063F892 /* Frameworks */ = {
			isa = PBXFrameworksBuildPhase;
			buildActionMask = 2147483647;
			files = (
				3CEE437CFD7C2D7A614BD649 /* Pods_Collection_CollectionUITests.framework in Frameworks */,
			);
			runOnlyForDeploymentPostprocessing = 0;
		};
/* End PBXFrameworksBuildPhase section */

/* Begin PBXGroup section */
		9F873678F9A53F041F05B57F /* Frameworks */ = {
			isa = PBXGroup;
			children = (
				ABC0C892763B9F6AFA4163E0 /* Pods_Collection.framework */,
				F3A7DB2A26F6717CC98F6086 /* Pods_Collection_CollectionUITests.framework */,
				E0C1A0B9B367B42BEE994EE3 /* Pods_CollectionTests.framework */,
			);
			name = Frameworks;
			sourceTree = "<group>";
		};
		B6DBFD9F1AB3BBFA4DF863C4 /* Pods */ = {
			isa = PBXGroup;
			children = (
				89358F50A5E53B72DEDC2F5B /* Pods-Collection.debug.xcconfig */,
				3AC3C233A6FEF74795F4687E /* Pods-Collection.release.xcconfig */,
				E1467BA50CF761037D53185B /* Pods-Collection-CollectionUITests.debug.xcconfig */,
				7FC798F5DFAE39BB7FDF01F0 /* Pods-Collection-CollectionUITests.release.xcconfig */,
				93513CD213952765A8168572 /* Pods-CollectionTests.debug.xcconfig */,
				5D117E80544B40D0D55EDC77 /* Pods-CollectionTests.release.xcconfig */,
			);
			path = Pods;
			sourceTree = "<group>";
		};
		E357B5E02A2F447C0063F892 = {
			isa = PBXGroup;
			children = (
				E357B5EB2A2F447C0063F892 /* Collection */,
				E357B6022A2F447E0063F892 /* CollectionTests */,
				E357B60C2A2F447E0063F892 /* CollectionUITests */,
				E357B5EA2A2F447C0063F892 /* Products */,
				B6DBFD9F1AB3BBFA4DF863C4 /* Pods */,
				9F873678F9A53F041F05B57F /* Frameworks */,
			);
			sourceTree = "<group>";
		};
		E357B5EA2A2F447C0063F892 /* Products */ = {
			isa = PBXGroup;
			children = (
				E357B5E92A2F447C0063F892 /* Collection.app */,
				E357B5FF2A2F447E0063F892 /* CollectionTests.xctest */,
				E357B6092A2F447E0063F892 /* CollectionUITests.xctest */,
			);
			name = Products;
			sourceTree = "<group>";
		};
		E357B5EB2A2F447C0063F892 /* Collection */ = {
			isa = PBXGroup;
			children = (
				E357B5EC2A2F447C0063F892 /* AppDelegate.swift */,
				E357B5EE2A2F447C0063F892 /* SceneDelegate.swift */,
				E357B61C2A2F48A90063F892 /* FeedViewController.swift */,
				E357B61E2A2F48C40063F892 /* ProfileViewController.swift */,
				E357B5F52A2F447D0063F892 /* Assets.xcassets */,
				E357B5FA2A2F447D0063F892 /* Info.plist */,
				E357E8D62A387CA0000305CD /* ImageCollectionViewCell.swift */,
			);
			path = Collection;
			sourceTree = "<group>";
		};
		E357B6022A2F447E0063F892 /* CollectionTests */ = {
			isa = PBXGroup;
			children = (
				E357B6032A2F447E0063F892 /* CollectionTests.swift */,
			);
			path = CollectionTests;
			sourceTree = "<group>";
		};
		E357B60C2A2F447E0063F892 /* CollectionUITests */ = {
			isa = PBXGroup;
			children = (
				E357B60D2A2F447E0063F892 /* CollectionUITests.swift */,
				E357B60F2A2F447E0063F892 /* CollectionUITestsLaunchTests.swift */,
			);
			path = CollectionUITests;
			sourceTree = "<group>";
		};
/* End PBXGroup section */

/* Begin PBXNativeTarget section */
		E357B5E82A2F447C0063F892 /* Collection */ = {
			isa = PBXNativeTarget;
			buildConfigurationList = E357B6132A2F447E0063F892 /* Build configuration list for PBXNativeTarget "Collection" */;
			buildPhases = (
				E787D0228A00A3EB9E5BA9A7 /* [CP] Check Pods Manifest.lock */,
				E357B5E52A2F447C0063F892 /* Sources */,
				E357B5E62A2F447C0063F892 /* Frameworks */,
				E357B5E72A2F447C0063F892 /* Resources */,
				8F558E47877C4252CA23CCAD /* [CP] Embed Pods Frameworks */,
			);
			buildRules = (
			);
			dependencies = (
			);
			name = Collection;
			productName = Collection;
			productReference = E357B5E92A2F447C0063F892 /* Collection.app */;
			productType = "com.apple.product-type.application";
		};
		E357B5FE2A2F447E0063F892 /* CollectionTests */ = {
			isa = PBXNativeTarget;
			buildConfigurationList = E357B6162A2F447E0063F892 /* Build configuration list for PBXNativeTarget "CollectionTests" */;
			buildPhases = (
				93208F492ADB5E8B4D170A14 /* [CP] Check Pods Manifest.lock */,
				E357B5FB2A2F447E0063F892 /* Sources */,
				E357B5FC2A2F447E0063F892 /* Frameworks */,
				E357B5FD2A2F447E0063F892 /* Resources */,
			);
			buildRules = (
			);
			dependencies = (
				E357B6012A2F447E0063F892 /* PBXTargetDependency */,
			);
			name = CollectionTests;
			productName = CollectionTests;
			productReference = E357B5FF2A2F447E0063F892 /* CollectionTests.xctest */;
			productType = "com.apple.product-type.bundle.unit-test";
		};
		E357B6082A2F447E0063F892 /* CollectionUITests */ = {
			isa = PBXNativeTarget;
			buildConfigurationList = E357B6192A2F447E0063F892 /* Build configuration list for PBXNativeTarget "CollectionUITests" */;
			buildPhases = (
				4A384A887B09A35CA6C112A3 /* [CP] Check Pods Manifest.lock */,
				E357B6052A2F447E0063F892 /* Sources */,
				E357B6062A2F447E0063F892 /* Frameworks */,
				E357B6072A2F447E0063F892 /* Resources */,
				D3DE49833E8599E6610D9F13 /* [CP] Embed Pods Frameworks */,
			);
			buildRules = (
			);
			dependencies = (
				E357B60B2A2F447E0063F892 /* PBXTargetDependency */,
			);
			name = CollectionUITests;
			productName = CollectionUITests;
			productReference = E357B6092A2F447E0063F892 /* CollectionUITests.xctest */;
			productType = "com.apple.product-type.bundle.ui-testing";
		};
/* End PBXNativeTarget section */

/* Begin PBXProject section */
		E357B5E12A2F447C0063F892 /* Project object */ = {
			isa = PBXProject;
			attributes = {
				BuildIndependentTargetsInParallel = 1;
				LastSwiftUpdateCheck = 1430;
				LastUpgradeCheck = 1430;
				TargetAttributes = {
					E357B5E82A2F447C0063F892 = {
						CreatedOnToolsVersion = 14.3;
					};
					E357B5FE2A2F447E0063F892 = {
						CreatedOnToolsVersion = 14.3;
						TestTargetID = E357B5E82A2F447C0063F892;
					};
					E357B6082A2F447E0063F892 = {
						CreatedOnToolsVersion = 14.3;
						TestTargetID = E357B5E82A2F447C0063F892;
					};
				};
			};
			buildConfigurationList = E357B5E42A2F447C0063F892 /* Build configuration list for PBXProject "Collection" */;
			compatibilityVersion = "Xcode 14.0";
			developmentRegion = en;
			hasScannedForEncodings = 0;
			knownRegions = (
				en,
				Base,
			);
			mainGroup = E357B5E02A2F447C0063F892;
			productRefGroup = E357B5EA2A2F447C0063F892 /* Products */;
			projectDirPath = "";
			projectRoot = "";
			targets = (
				E357B5E82A2F447C0063F892 /* Collection */,
				E357B5FE2A2F447E0063F892 /* CollectionTests */,
				E357B6082A2F447E0063F892 /* CollectionUITests */,
			);
		};
/* End PBXProject section */

/* Begin PBXResourcesBuildPhase section */
		E357B5E72A2F447C0063F892 /* Resources */ = {
			isa = PBXResourcesBuildPhase;
			buildActionMask = 2147483647;
			files = (
				E357B5F62A2F447D0063F892 /* Assets.xcassets in Resources */,
			);
			runOnlyForDeploymentPostprocessing = 0;
		};
		E357B5FD2A2F447E0063F892 /* Resources */ = {
			isa = PBXResourcesBuildPhase;
			buildActionMask = 2147483647;
			files = (
			);
			runOnlyForDeploymentPostprocessing = 0;
		};
		E357B6072A2F447E0063F892 /* Resources */ = {
			isa = PBXResourcesBuildPhase;
			buildActionMask = 2147483647;
			files = (
			);
			runOnlyForDeploymentPostprocessing = 0;
		};
/* End PBXResourcesBuildPhase section */

/* Begin PBXShellScriptBuildPhase section */
		4A384A887B09A35CA6C112A3 /* [CP] Check Pods Manifest.lock */ = {
			isa = PBXShellScriptBuildPhase;
			buildActionMask = 2147483647;
			files = (
			);
			inputFileListPaths = (
			);
			inputPaths = (
				"${PODS_PODFILE_DIR_PATH}/Podfile.lock",
				"${PODS_ROOT}/Manifest.lock",
			);
			name = "[CP] Check Pods Manifest.lock";
			outputFileListPaths = (
			);
			outputPaths = (
				"$(DERIVED_FILE_DIR)/Pods-Collection-CollectionUITests-checkManifestLockResult.txt",
			);
			runOnlyForDeploymentPostprocessing = 0;
			shellPath = /bin/sh;
			shellScript = "diff \"${PODS_PODFILE_DIR_PATH}/Podfile.lock\" \"${PODS_ROOT}/Manifest.lock\" > /dev/null\nif [ $? != 0 ] ; then\n    # print error to STDERR\n    echo \"error: The sandbox is not in sync with the Podfile.lock. Run 'pod install' or update your CocoaPods installation.\" >&2\n    exit 1\nfi\n# This output is used by Xcode 'outputs' to avoid re-running this script phase.\necho \"SUCCESS\" > \"${SCRIPT_OUTPUT_FILE_0}\"\n";
			showEnvVarsInLog = 0;
		};
		8F558E47877C4252CA23CCAD /* [CP] Embed Pods Frameworks */ = {
			isa = PBXShellScriptBuildPhase;
			buildActionMask = 2147483647;
			files = (
			);
			inputFileListPaths = (
				"${PODS_ROOT}/Target Support Files/Pods-Collection/Pods-Collection-frameworks-${CONFIGURATION}-input-files.xcfilelist",
			);
			name = "[CP] Embed Pods Frameworks";
			outputFileListPaths = (
				"${PODS_ROOT}/Target Support Files/Pods-Collection/Pods-Collection-frameworks-${CONFIGURATION}-output-files.xcfilelist",
			);
			runOnlyForDeploymentPostprocessing = 0;
			shellPath = /bin/sh;
			shellScript = "\"${PODS_ROOT}/Target Support Files/Pods-Collection/Pods-Collection-frameworks.sh\"\n";
			showEnvVarsInLog = 0;
		};
		93208F492ADB5E8B4D170A14 /* [CP] Check Pods Manifest.lock */ = {
			isa = PBXShellScriptBuildPhase;
			buildActionMask = 2147483647;
			files = (
			);
			inputFileListPaths = (
			);
			inputPaths = (
				"${PODS_PODFILE_DIR_PATH}/Podfile.lock",
				"${PODS_ROOT}/Manifest.lock",
			);
			name = "[CP] Check Pods Manifest.lock";
			outputFileListPaths = (
			);
			outputPaths = (
				"$(DERIVED_FILE_DIR)/Pods-CollectionTests-checkManifestLockResult.txt",
			);
			runOnlyForDeploymentPostprocessing = 0;
			shellPath = /bin/sh;
			shellScript = "diff \"${PODS_PODFILE_DIR_PATH}/Podfile.lock\" \"${PODS_ROOT}/Manifest.lock\" > /dev/null\nif [ $? != 0 ] ; then\n    # print error to STDERR\n    echo \"error: The sandbox is not in sync with the Podfile.lock. Run 'pod install' or update your CocoaPods installation.\" >&2\n    exit 1\nfi\n# This output is used by Xcode 'outputs' to avoid re-running this script phase.\necho \"SUCCESS\" > \"${SCRIPT_OUTPUT_FILE_0}\"\n";
			showEnvVarsInLog = 0;
		};
		D3DE49833E8599E6610D9F13 /* [CP] Embed Pods Frameworks */ = {
			isa = PBXShellScriptBuildPhase;
			buildActionMask = 2147483647;
			files = (
			);
			inputFileListPaths = (
				"${PODS_ROOT}/Target Support Files/Pods-Collection-CollectionUITests/Pods-Collection-CollectionUITests-frameworks-${CONFIGURATION}-input-files.xcfilelist",
			);
			name = "[CP] Embed Pods Frameworks";
			outputFileListPaths = (
				"${PODS_ROOT}/Target Support Files/Pods-Collection-CollectionUITests/Pods-Collection-CollectionUITests-frameworks-${CONFIGURATION}-output-files.xcfilelist",
			);
			runOnlyForDeploymentPostprocessing = 0;
			shellPath = /bin/sh;
			shellScript = "\"${PODS_ROOT}/Target Support Files/Pods-Collection-CollectionUITests/Pods-Collection-CollectionUITests-frameworks.sh\"\n";
			showEnvVarsInLog = 0;
		};
		E787D0228A00A3EB9E5BA9A7 /* [CP] Check Pods Manifest.lock */ = {
			isa = PBXShellScriptBuildPhase;
			buildActionMask = 2147483647;
			files = (
			);
			inputFileListPaths = (
			);
			inputPaths = (
				"${PODS_PODFILE_DIR_PATH}/Podfile.lock",
				"${PODS_ROOT}/Manifest.lock",
			);
			name = "[CP] Check Pods Manifest.lock";
			outputFileListPaths = (
			);
			outputPaths = (
				"$(DERIVED_FILE_DIR)/Pods-Collection-checkManifestLockResult.txt",
			);
			runOnlyForDeploymentPostprocessing = 0;
			shellPath = /bin/sh;
			shellScript = "diff \"${PODS_PODFILE_DIR_PATH}/Podfile.lock\" \"${PODS_ROOT}/Manifest.lock\" > /dev/null\nif [ $? != 0 ] ; then\n    # print error to STDERR\n    echo \"error: The sandbox is not in sync with the Podfile.lock. Run 'pod install' or update your CocoaPods installation.\" >&2\n    exit 1\nfi\n# This output is used by Xcode 'outputs' to avoid re-running this script phase.\necho \"SUCCESS\" > \"${SCRIPT_OUTPUT_FILE_0}\"\n";
			showEnvVarsInLog = 0;
		};
/* End PBXShellScriptBuildPhase section */

/* Begin PBXSourcesBuildPhase section */
		E357B5E52A2F447C0063F892 /* Sources */ = {
			isa = PBXSourcesBuildPhase;
			buildActionMask = 2147483647;
			files = (
				E357B5ED2A2F447C0063F892 /* AppDelegate.swift in Sources */,
				E357E8D72A387CA0000305CD /* ImageCollectionViewCell.swift in Sources */,
				E357B61D2A2F48A90063F892 /* FeedViewController.swift in Sources */,
				E357B61F2A2F48C40063F892 /* ProfileViewController.swift in Sources */,
				E357B5EF2A2F447C0063F892 /* SceneDelegate.swift in Sources */,
			);
			runOnlyForDeploymentPostprocessing = 0;
		};
		E357B5FB2A2F447E0063F892 /* Sources */ = {
			isa = PBXSourcesBuildPhase;
			buildActionMask = 2147483647;
			files = (
				E357B6042A2F447E0063F892 /* CollectionTests.swift in Sources */,
			);
			runOnlyForDeploymentPostprocessing = 0;
		};
		E357B6052A2F447E0063F892 /* Sources */ = {
			isa = PBXSourcesBuildPhase;
			buildActionMask = 2147483647;
			files = (
				E357B6102A2F447E0063F892 /* CollectionUITestsLaunchTests.swift in Sources */,
				E357B60E2A2F447E0063F892 /* CollectionUITests.swift in Sources */,
			);
			runOnlyForDeploymentPostprocessing = 0;
		};
/* End PBXSourcesBuildPhase section */

/* Begin PBXTargetDependency section */
		E357B6012A2F447E0063F892 /* PBXTargetDependency */ = {
			isa = PBXTargetDependency;
			target = E357B5E82A2F447C0063F892 /* Collection */;
			targetProxy = E357B6002A2F447E0063F892 /* PBXContainerItemProxy */;
		};
		E357B60B2A2F447E0063F892 /* PBXTargetDependency */ = {
			isa = PBXTargetDependency;
			target = E357B5E82A2F447C0063F892 /* Collection */;
			targetProxy = E357B60A2A2F447E0063F892 /* PBXContainerItemProxy */;
		};
/* End PBXTargetDependency section */

/* Begin XCBuildConfiguration section */
		E357B6112A2F447E0063F892 /* Debug */ = {
			isa = XCBuildConfiguration;
			buildSettings = {
				ALWAYS_SEARCH_USER_PATHS = NO;
				CLANG_ANALYZER_NONNULL = YES;
				CLANG_ANALYZER_NUMBER_OBJECT_CONVERSION = YES_AGGRESSIVE;
				CLANG_CXX_LANGUAGE_STANDARD = "gnu++20";
				CLANG_ENABLE_MODULES = YES;
				CLANG_ENABLE_OBJC_ARC = YES;
				CLANG_ENABLE_OBJC_WEAK = YES;
				CLANG_WARN_BLOCK_CAPTURE_AUTORELEASING = YES;
				CLANG_WARN_BOOL_CONVERSION = YES;
				CLANG_WARN_COMMA = YES;
				CLANG_WARN_CONSTANT_CONVERSION = YES;
				CLANG_WARN_DEPRECATED_OBJC_IMPLEMENTATIONS = YES;
				CLANG_WARN_DIRECT_OBJC_ISA_USAGE = YES_ERROR;
				CLANG_WARN_DOCUMENTATION_COMMENTS = YES;
				CLANG_WARN_EMPTY_BODY = YES;
				CLANG_WARN_ENUM_CONVERSION = YES;
				CLANG_WARN_INFINITE_RECURSION = YES;
				CLANG_WARN_INT_CONVERSION = YES;
				CLANG_WARN_NON_LITERAL_NULL_CONVERSION = YES;
				CLANG_WARN_OBJC_IMPLICIT_RETAIN_SELF = YES;
				CLANG_WARN_OBJC_LITERAL_CONVERSION = YES;
				CLANG_WARN_OBJC_ROOT_CLASS = YES_ERROR;
				CLANG_WARN_QUOTED_INCLUDE_IN_FRAMEWORK_HEADER = YES;
				CLANG_WARN_RANGE_LOOP_ANALYSIS = YES;
				CLANG_WARN_STRICT_PROTOTYPES = YES;
				CLANG_WARN_SUSPICIOUS_MOVE = YES;
				CLANG_WARN_UNGUARDED_AVAILABILITY = YES_AGGRESSIVE;
				CLANG_WARN_UNREACHABLE_CODE = YES;
				CLANG_WARN__DUPLICATE_METHOD_MATCH = YES;
				COPY_PHASE_STRIP = NO;
				DEBUG_INFORMATION_FORMAT = dwarf;
				ENABLE_STRICT_OBJC_MSGSEND = YES;
				ENABLE_TESTABILITY = YES;
				GCC_C_LANGUAGE_STANDARD = gnu11;
				GCC_DYNAMIC_NO_PIC = NO;
				GCC_NO_COMMON_BLOCKS = YES;
				GCC_OPTIMIZATION_LEVEL = 0;
				GCC_PREPROCESSOR_DEFINITIONS = (
					"DEBUG=1",
					"$(inherited)",
				);
				GCC_WARN_64_TO_32_BIT_CONVERSION = YES;
				GCC_WARN_ABOUT_RETURN_TYPE = YES_ERROR;
				GCC_WARN_UNDECLARED_SELECTOR = YES;
				GCC_WARN_UNINITIALIZED_AUTOS = YES_AGGRESSIVE;
				GCC_WARN_UNUSED_FUNCTION = YES;
				GCC_WARN_UNUSED_VARIABLE = YES;
				IPHONEOS_DEPLOYMENT_TARGET = 16.4;
				MTL_ENABLE_DEBUG_INFO = INCLUDE_SOURCE;
				MTL_FAST_MATH = YES;
				ONLY_ACTIVE_ARCH = YES;
				SDKROOT = iphoneos;
				SWIFT_ACTIVE_COMPILATION_CONDITIONS = DEBUG;
				SWIFT_OPTIMIZATION_LEVEL = "-Onone";
			};
			name = Debug;
		};
		E357B6122A2F447E0063F892 /* Release */ = {
			isa = XCBuildConfiguration;
			buildSettings = {
				ALWAYS_SEARCH_USER_PATHS = NO;
				CLANG_ANALYZER_NONNULL = YES;
				CLANG_ANALYZER_NUMBER_OBJECT_CONVERSION = YES_AGGRESSIVE;
				CLANG_CXX_LANGUAGE_STANDARD = "gnu++20";
				CLANG_ENABLE_MODULES = YES;
				CLANG_ENABLE_OBJC_ARC = YES;
				CLANG_ENABLE_OBJC_WEAK = YES;
				CLANG_WARN_BLOCK_CAPTURE_AUTORELEASING = YES;
				CLANG_WARN_BOOL_CONVERSION = YES;
				CLANG_WARN_COMMA = YES;
				CLANG_WARN_CONSTANT_CONVERSION = YES;
				CLANG_WARN_DEPRECATED_OBJC_IMPLEMENTATIONS = YES;
				CLANG_WARN_DIRECT_OBJC_ISA_USAGE = YES_ERROR;
				CLANG_WARN_DOCUMENTATION_COMMENTS = YES;
				CLANG_WARN_EMPTY_BODY = YES;
				CLANG_WARN_ENUM_CONVERSION = YES;
				CLANG_WARN_INFINITE_RECURSION = YES;
				CLANG_WARN_INT_CONVERSION = YES;
				CLANG_WARN_NON_LITERAL_NULL_CONVERSION = YES;
				CLANG_WARN_OBJC_IMPLICIT_RETAIN_SELF = YES;
				CLANG_WARN_OBJC_LITERAL_CONVERSION = YES;
				CLANG_WARN_OBJC_ROOT_CLASS = YES_ERROR;
				CLANG_WARN_QUOTED_INCLUDE_IN_FRAMEWORK_HEADER = YES;
				CLANG_WARN_RANGE_LOOP_ANALYSIS = YES;
				CLANG_WARN_STRICT_PROTOTYPES = YES;
				CLANG_WARN_SUSPICIOUS_MOVE = YES;
				CLANG_WARN_UNGUARDED_AVAILABILITY = YES_AGGRESSIVE;
				CLANG_WARN_UNREACHABLE_CODE = YES;
				CLANG_WARN__DUPLICATE_METHOD_MATCH = YES;
				COPY_PHASE_STRIP = NO;
				DEBUG_INFORMATION_FORMAT = "dwarf-with-dsym";
				ENABLE_NS_ASSERTIONS = NO;
				ENABLE_STRICT_OBJC_MSGSEND = YES;
				GCC_C_LANGUAGE_STANDARD = gnu11;
				GCC_NO_COMMON_BLOCKS = YES;
				GCC_WARN_64_TO_32_BIT_CONVERSION = YES;
				GCC_WARN_ABOUT_RETURN_TYPE = YES_ERROR;
				GCC_WARN_UNDECLARED_SELECTOR = YES;
				GCC_WARN_UNINITIALIZED_AUTOS = YES_AGGRESSIVE;
				GCC_WARN_UNUSED_FUNCTION = YES;
				GCC_WARN_UNUSED_VARIABLE = YES;
				IPHONEOS_DEPLOYMENT_TARGET = 16.4;
				MTL_ENABLE_DEBUG_INFO = NO;
				MTL_FAST_MATH = YES;
				SDKROOT = iphoneos;
				SWIFT_COMPILATION_MODE = wholemodule;
				SWIFT_OPTIMIZATION_LEVEL = "-O";
				VALIDATE_PRODUCT = YES;
			};
			name = Release;
		};
		E357B6142A2F447E0063F892 /* Debug */ = {
			isa = XCBuildConfiguration;
			baseConfigurationReference = 89358F50A5E53B72DEDC2F5B /* Pods-Collection.debug.xcconfig */;
			buildSettings = {
				ASSETCATALOG_COMPILER_APPICON_NAME = AppIcon;
				ASSETCATALOG_COMPILER_GLOBAL_ACCENT_COLOR_NAME = AccentColor;
				CODE_SIGN_STYLE = Automatic;
				CURRENT_PROJECT_VERSION = 1;
				GENERATE_INFOPLIST_FILE = YES;
				INFOPLIST_FILE = Collection/Info.plist;
				INFOPLIST_KEY_UIApplicationSupportsIndirectInputEvents = YES;
				INFOPLIST_KEY_UILaunchStoryboardName = LaunchScreen;
				INFOPLIST_KEY_UISupportedInterfaceOrientations_iPad = "UIInterfaceOrientationPortrait UIInterfaceOrientationPortraitUpsideDown UIInterfaceOrientationLandscapeLeft UIInterfaceOrientationLandscapeRight";
				INFOPLIST_KEY_UISupportedInterfaceOrientations_iPhone = "UIInterfaceOrientationPortrait UIInterfaceOrientationLandscapeLeft UIInterfaceOrientationLandscapeRight";
				IPHONEOS_DEPLOYMENT_TARGET = 14.0;
				LD_RUNPATH_SEARCH_PATHS = (
					"$(inherited)",
					"@executable_path/Frameworks",
				);
				MARKETING_VERSION = 1.0;
				PRODUCT_BUNDLE_IDENTIFIER = vadyadance.Collection;
				PRODUCT_NAME = "$(TARGET_NAME)";
				SWIFT_EMIT_LOC_STRINGS = YES;
				SWIFT_VERSION = 5.0;
				TARGETED_DEVICE_FAMILY = "1,2";
			};
			name = Debug;
		};
		E357B6152A2F447E0063F892 /* Release */ = {
			isa = XCBuildConfiguration;
			baseConfigurationReference = 3AC3C233A6FEF74795F4687E /* Pods-Collection.release.xcconfig */;
			buildSettings = {
				ASSETCATALOG_COMPILER_APPICON_NAME = AppIcon;
				ASSETCATALOG_COMPILER_GLOBAL_ACCENT_COLOR_NAME = AccentColor;
				CODE_SIGN_STYLE = Automatic;
				CURRENT_PROJECT_VERSION = 1;
				GENERATE_INFOPLIST_FILE = YES;
				INFOPLIST_FILE = Collection/Info.plist;
				INFOPLIST_KEY_UIApplicationSupportsIndirectInputEvents = YES;
				INFOPLIST_KEY_UILaunchStoryboardName = LaunchScreen;
				INFOPLIST_KEY_UISupportedInterfaceOrientations_iPad = "UIInterfaceOrientationPortrait UIInterfaceOrientationPortraitUpsideDown UIInterfaceOrientationLandscapeLeft UIInterfaceOrientationLandscapeRight";
				INFOPLIST_KEY_UISupportedInterfaceOrientations_iPhone = "UIInterfaceOrientationPortrait UIInterfaceOrientationLandscapeLeft UIInterfaceOrientationLandscapeRight";
				IPHONEOS_DEPLOYMENT_TARGET = 14.0;
				LD_RUNPATH_SEARCH_PATHS = (
					"$(inherited)",
					"@executable_path/Frameworks",
				);
				MARKETING_VERSION = 1.0;
				PRODUCT_BUNDLE_IDENTIFIER = vadyadance.Collection;
				PRODUCT_NAME = "$(TARGET_NAME)";
				SWIFT_EMIT_LOC_STRINGS = YES;
				SWIFT_VERSION = 5.0;
				TARGETED_DEVICE_FAMILY = "1,2";
			};
			name = Release;
		};
		E357B6172A2F447E0063F892 /* Debug */ = {
			isa = XCBuildConfiguration;
			baseConfigurationReference = 93513CD213952765A8168572 /* Pods-CollectionTests.debug.xcconfig */;
			buildSettings = {
				ALWAYS_EMBED_SWIFT_STANDARD_LIBRARIES = YES;
				BUNDLE_LOADER = "$(TEST_HOST)";
				CODE_SIGN_STYLE = Automatic;
				CURRENT_PROJECT_VERSION = 1;
				GENERATE_INFOPLIST_FILE = YES;
				IPHONEOS_DEPLOYMENT_TARGET = 16.4;
				MARKETING_VERSION = 1.0;
				PRODUCT_BUNDLE_IDENTIFIER = vadyadance.CollectionTests;
				PRODUCT_NAME = "$(TARGET_NAME)";
				SWIFT_EMIT_LOC_STRINGS = NO;
				SWIFT_VERSION = 5.0;
				TARGETED_DEVICE_FAMILY = "1,2";
				TEST_HOST = "$(BUILT_PRODUCTS_DIR)/Collection.app/$(BUNDLE_EXECUTABLE_FOLDER_PATH)/Collection";
			};
			name = Debug;
		};
		E357B6182A2F447E0063F892 /* Release */ = {
			isa = XCBuildConfiguration;
			baseConfigurationReference = 5D117E80544B40D0D55EDC77 /* Pods-CollectionTests.release.xcconfig */;
			buildSettings = {
				ALWAYS_EMBED_SWIFT_STANDARD_LIBRARIES = YES;
				BUNDLE_LOADER = "$(TEST_HOST)";
				CODE_SIGN_STYLE = Automatic;
				CURRENT_PROJECT_VERSION = 1;
				GENERATE_INFOPLIST_FILE = YES;
				IPHONEOS_DEPLOYMENT_TARGET = 16.4;
				MARKETING_VERSION = 1.0;
				PRODUCT_BUNDLE_IDENTIFIER = vadyadance.CollectionTests;
				PRODUCT_NAME = "$(TARGET_NAME)";
				SWIFT_EMIT_LOC_STRINGS = NO;
				SWIFT_VERSION = 5.0;
				TARGETED_DEVICE_FAMILY = "1,2";
				TEST_HOST = "$(BUILT_PRODUCTS_DIR)/Collection.app/$(BUNDLE_EXECUTABLE_FOLDER_PATH)/Collection";
			};
			name = Release;
		};
		E357B61A2A2F447E0063F892 /* Debug */ = {
			isa = XCBuildConfiguration;
			baseConfigurationReference = E1467BA50CF761037D53185B /* Pods-Collection-CollectionUITests.debug.xcconfig */;
			buildSettings = {
				ALWAYS_EMBED_SWIFT_STANDARD_LIBRARIES = YES;
				CODE_SIGN_STYLE = Automatic;
				CURRENT_PROJECT_VERSION = 1;
				GENERATE_INFOPLIST_FILE = YES;
				MARKETING_VERSION = 1.0;
				PRODUCT_BUNDLE_IDENTIFIER = vadyadance.CollectionUITests;
				PRODUCT_NAME = "$(TARGET_NAME)";
				SWIFT_EMIT_LOC_STRINGS = NO;
				SWIFT_VERSION = 5.0;
				TARGETED_DEVICE_FAMILY = "1,2";
				TEST_TARGET_NAME = Collection;
			};
			name = Debug;
		};
		E357B61B2A2F447E0063F892 /* Release */ = {
			isa = XCBuildConfiguration;
			baseConfigurationReference = 7FC798F5DFAE39BB7FDF01F0 /* Pods-Collection-CollectionUITests.release.xcconfig */;
			buildSettings = {
				ALWAYS_EMBED_SWIFT_STANDARD_LIBRARIES = YES;
				CODE_SIGN_STYLE = Automatic;
				CURRENT_PROJECT_VERSION = 1;
				GENERATE_INFOPLIST_FILE = YES;
				MARKETING_VERSION = 1.0;
				PRODUCT_BUNDLE_IDENTIFIER = vadyadance.CollectionUITests;
				PRODUCT_NAME = "$(TARGET_NAME)";
				SWIFT_EMIT_LOC_STRINGS = NO;
				SWIFT_VERSION = 5.0;
				TARGETED_DEVICE_FAMILY = "1,2";
				TEST_TARGET_NAME = Collection;
			};
			name = Release;
		};
/* End XCBuildConfiguration section */

/* Begin XCConfigurationList section */
		E357B5E42A2F447C0063F892 /* Build configuration list for PBXProject "Collection" */ = {
			isa = XCConfigurationList;
			buildConfigurations = (
				E357B6112A2F447E0063F892 /* Debug */,
				E357B6122A2F447E0063F892 /* Release */,
			);
			defaultConfigurationIsVisible = 0;
			defaultConfigurationName = Release;
		};
		E357B6132A2F447E0063F892 /* Build configuration list for PBXNativeTarget "Collection" */ = {
			isa = XCConfigurationList;
			buildConfigurations = (
				E357B6142A2F447E0063F892 /* Debug */,
				E357B6152A2F447E0063F892 /* Release */,
			);
			defaultConfigurationIsVisible = 0;
			defaultConfigurationName = Release;
		};
		E357B6162A2F447E0063F892 /* Build configuration list for PBXNativeTarget "CollectionTests" */ = {
			isa = XCConfigurationList;
			buildConfigurations = (
				E357B6172A2F447E0063F892 /* Debug */,
				E357B6182A2F447E0063F892 /* Release */,
			);
			defaultConfigurationIsVisible = 0;
			defaultConfigurationName = Release;
		};
		E357B6192A2F447E0063F892 /* Build configuration list for PBXNativeTarget "CollectionUITests" */ = {
			isa = XCConfigurationList;
			buildConfigurations = (
				E357B61A2A2F447E0063F892 /* Debug */,
				E357B61B2A2F447E0063F892 /* Release */,
			);
			defaultConfigurationIsVisible = 0;
			defaultConfigurationName = Release;
		};
/* End XCConfigurationList section */
	};
	rootObject = E357B5E12A2F447C0063F892 /* Project object */;
}
